
Microsoft Visual Studio Solution File, Format Version 12.00
# Visual Studio Version 16
VisualStudioVersion = 16.0.31205.134
MinimumVisualStudioVersion = 10.0.40219.1
Project("{FAE04EC0-301F-11D3-BF4B-00C04F79EFBC}") = "UserRegistration_Using_Exception", "UserRegistration_Using_Exception\UserRegistration_Using_Exception.csproj", "{A74916CA-3566-46E3-B11C-3D63E5E69A55}"
EndProject
Project("{FAE04EC0-301F-11D3-BF4B-00C04F79EFBC}") = "UserRegistration_MSTest", "UserRegistration_MSTest\UserRegistration_MSTest.csproj", "{02FA54FB-89AB-42CB-8044-AF80EEB9890F}"
EndProject
Global
	GlobalSection(SolutionConfigurationPlatforms) = preSolution
		Debug|Any CPU = Debug|Any CPU
		Release|Any CPU = Release|Any CPU
	EndGlobalSection
	GlobalSection(ProjectConfigurationPlatforms) = postSolution
		{A74916CA-3566-46E3-B11C-3D63E5E69A55}.Debug|Any CPU.ActiveCfg = Debug|Any CPU
		{A74916CA-3566-46E3-B11C-3D63E5E69A55}.Debug|Any CPU.Build.0 = Debug|Any CPU
		{A74916CA-3566-46E3-B11C-3D63E5E69A55}.Release|Any CPU.ActiveCfg = Release|Any CPU
		{A74916CA-3566-46E3-B11C-3D63E5E69A55}.Release|Any CPU.Build.0 = Release|Any CPU
		{02FA54FB-89AB-42CB-8044-AF80EEB9890F}.Debug|Any CPU.ActiveCfg = Debug|Any CPU
		{02FA54FB-89AB-42CB-8044-AF80EEB9890F}.Debug|Any CPU.Build.0 = Debug|Any CPU
		{02FA54FB-89AB-42CB-8044-AF80EEB9890F}.Release|Any CPU.ActiveCfg = Release|Any CPU
		{02FA54FB-89AB-42CB-8044-AF80EEB9890F}.Release|Any CPU.Build.0 = Release|Any CPU
	EndGlobalSection
	GlobalSection(SolutionProperties) = preSolution
		HideSolutionNode = FALSE
	EndGlobalSection
	GlobalSection(ExtensibilityGlobals) = postSolution
		SolutionGuid = {EA9A7D94-C02A-4CE8-8141-4FACE95016B2}
	EndGlobalSection
EndGlobal
